
Microsoft Visual Studio Solution File, Format Version 12.00
# Visual Studio Version 16
VisualStudioVersion = 16.0.30413.136
MinimumVisualStudioVersion = 10.0.40219.1
Project("{FAE04EC0-301F-11D3-BF4B-00C04F79EFBC}") = "34669205_Assessment2", "34669205_Assessment2.csproj", "{890B454F-A6BA-4E6B-9CE7-4B9B538CDD4E}"
EndProject
Global
	GlobalSection(SolutionConfigurationPlatforms) = preSolution
		Debug|Any CPU = Debug|Any CPU
		Release|Any CPU = Release|Any CPU
	EndGlobalSection
	GlobalSection(ProjectConfigurationPlatforms) = postSolution
		{890B454F-A6BA-4E6B-9CE7-4B9B538CDD4E}.Debug|Any CPU.ActiveCfg = Debug|Any CPU
		{890B454F-A6BA-4E6B-9CE7-4B9B538CDD4E}.Debug|Any CPU.Build.0 = Debug|Any CPU
		{890B454F-A6BA-4E6B-9CE7-4B9B538CDD4E}.Release|Any CPU.ActiveCfg = Release|Any CPU
		{890B454F-A6BA-4E6B-9CE7-4B9B538CDD4E}.Release|Any CPU.Build.0 = Release|Any CPU
	EndGlobalSection
	GlobalSection(SolutionProperties) = preSolution
		HideSolutionNode = FALSE
	EndGlobalSection
	GlobalSection(ExtensibilityGlobals) = postSolution
		SolutionGuid = {D78EACC2-8F5D-4878-A3EC-E23781E7C011}
	EndGlobalSection
EndGlobal
